
Microsoft Visual Studio Solution File, Format Version 12.00
# Visual Studio Version 17
VisualStudioVersion = 17.13.35919.96 d17.13
MinimumVisualStudioVersion = 10.0.40219.1
Project("{FAE04EC0-301F-11D3-BF4B-00C04F79EFBC}") = "PokemonReviewApp", "PokemonReviewApp\PokemonReviewApp.csproj", "{ED0741E3-757A-4875-84E9-5838E4CEC40C}"
EndProject
Global
	GlobalSection(SolutionConfigurationPlatforms) = preSolution
		Debug|Any CPU = Debug|Any CPU
		Release|Any CPU = Release|Any CPU
	EndGlobalSection
	GlobalSection(ProjectConfigurationPlatforms) = postSolution
		{ED0741E3-757A-4875-84E9-5838E4CEC40C}.Debug|Any CPU.ActiveCfg = Debug|Any CPU
		{ED0741E3-757A-4875-84E9-5838E4CEC40C}.Debug|Any CPU.Build.0 = Debug|Any CPU
		{ED0741E3-757A-4875-84E9-5838E4CEC40C}.Release|Any CPU.ActiveCfg = Release|Any CPU
		{ED0741E3-757A-4875-84E9-5838E4CEC40C}.Release|Any CPU.Build.0 = Release|Any CPU
	EndGlobalSection
	GlobalSection(SolutionProperties) = preSolution
		HideSolutionNode = FALSE
	EndGlobalSection
	GlobalSection(ExtensibilityGlobals) = postSolution
		SolutionGuid = {9F6BDCBD-843F-407F-9861-E7BA2FDA2130}
	EndGlobalSection
EndGlobal
